
Microsoft Visual Studio Solution File, Format Version 12.00
# Visual Studio Version 16
VisualStudioVersion = 16.0.28711.60
MinimumVisualStudioVersion = 10.0.40219.1
Project("{9A19103F-16F7-4668-BE54-9A1E7A4F7556}") = "Api", "Api.csproj", "{C066D40B-F534-4A45-81A4-ACC3720448DB}"
EndProject
Global
	GlobalSection(SolutionConfigurationPlatforms) = preSolution
		Debug|Any CPU = Debug|Any CPU
		Release|Any CPU = Release|Any CPU
	EndGlobalSection
	GlobalSection(ProjectConfigurationPlatforms) = postSolution
		{C066D40B-F534-4A45-81A4-ACC3720448DB}.Debug|Any CPU.ActiveCfg = Debug|Any CPU
		{C066D40B-F534-4A45-81A4-ACC3720448DB}.Debug|Any CPU.Build.0 = Debug|Any CPU
		{C066D40B-F534-4A45-81A4-ACC3720448DB}.Release|Any CPU.ActiveCfg = Release|Any CPU
		{C066D40B-F534-4A45-81A4-ACC3720448DB}.Release|Any CPU.Build.0 = Release|Any CPU
	EndGlobalSection
	GlobalSection(SolutionProperties) = preSolution
		HideSolutionNode = FALSE
	EndGlobalSection
	GlobalSection(ExtensibilityGlobals) = postSolution
		SolutionGuid = {5BAD84F1-3F15-46F5-90B2-2DCA5740FD0C}
	EndGlobalSection
EndGlobal
